// !$*UTF8*$!
{
	archiveVersion = 1;
	classes = {
	};
	objectVersion = 46;
	objects = {

/* Begin PBXBuildFile section */
		3D9033121F035C230051B842 /* CCBluetoothMaster.h in Headers */ = {isa = PBXBuildFile; fileRef = 3D9033101F035C230051B842 /* CCBluetoothMaster.h */; settings = {ATTRIBUTES = (Public, ); }; };
		3D9033131F035C230051B842 /* CCBluetoothMaster.m in Sources */ = {isa = PBXBuildFile; fileRef = 3D9033111F035C230051B842 /* CCBluetoothMaster.m */; };
		3D9033161F035C2A0051B842 /* CCTask.h in Headers */ = {isa = PBXBuildFile; fileRef = 3D9033141F035C2A0051B842 /* CCTask.h */; settings = {ATTRIBUTES = (Public, ); }; };
		3D9033171F035C2A0051B842 /* CCTask.m in Sources */ = {isa = PBXBuildFile; fileRef = 3D9033151F035C2A0051B842 /* CCTask.m */; };
		84B3128E1BE22E5100F20C68 /* CCBluetoothAPI.h in Headers */ = {isa = PBXBuildFile; fileRef = 84B3128D1BE22E5100F20C68 /* CCBluetoothAPI.h */; settings = {ATTRIBUTES = (Public, ); }; };
		84B312A81BE22ED100F20C68 /* CCBluetoothDataTypes.h in Headers */ = {isa = PBXBuildFile; fileRef = 84B312951BE22ED100F20C68 /* CCBluetoothDataTypes.h */; settings = {ATTRIBUTES = (Public, ); }; };
		84B312A91BE22ED100F20C68 /* CCBluetoothDataTypes.m in Sources */ = {isa = PBXBuildFile; fileRef = 84B312961BE22ED100F20C68 /* CCBluetoothDataTypes.m */; };
		84B312AA1BE22ED100F20C68 /* CCBluetoothDevice.h in Headers */ = {isa = PBXBuildFile; fileRef = 84B312971BE22ED100F20C68 /* CCBluetoothDevice.h */; settings = {ATTRIBUTES = (Public, ); }; };
		84B312AB1BE22ED100F20C68 /* CCBluetoothDevice.m in Sources */ = {isa = PBXBuildFile; fileRef = 84B312981BE22ED100F20C68 /* CCBluetoothDevice.m */; };
		84B312AC1BE22ED100F20C68 /* CCBluetoothDevice+Data.h in Headers */ = {isa = PBXBuildFile; fileRef = 84B312991BE22ED100F20C68 /* CCBluetoothDevice+Data.h */; settings = {ATTRIBUTES = (Public, ); }; };
		84B312AD1BE22ED100F20C68 /* CCBluetoothDevice+Data.m in Sources */ = {isa = PBXBuildFile; fileRef = 84B3129A1BE22ED100F20C68 /* CCBluetoothDevice+Data.m */; };
		84B312AE1BE22ED100F20C68 /* CCBluetoothDevice+FirmwareInfo.h in Headers */ = {isa = PBXBuildFile; fileRef = 84B3129B1BE22ED100F20C68 /* CCBluetoothDevice+FirmwareInfo.h */; settings = {ATTRIBUTES = (Public, ); }; };
		84B312AF1BE22ED100F20C68 /* CCBluetoothDevice+FirmwareInfo.m in Sources */ = {isa = PBXBuildFile; fileRef = 84B3129C1BE22ED100F20C68 /* CCBluetoothDevice+FirmwareInfo.m */; };
		84B312B01BE22ED100F20C68 /* CCBluetoothDevice+Reminder.h in Headers */ = {isa = PBXBuildFile; fileRef = 84B3129D1BE22ED100F20C68 /* CCBluetoothDevice+Reminder.h */; settings = {ATTRIBUTES = (Public, ); }; };
		84B312B11BE22ED100F20C68 /* CCBluetoothDevice+Reminder.m in Sources */ = {isa = PBXBuildFile; fileRef = 84B3129E1BE22ED100F20C68 /* CCBluetoothDevice+Reminder.m */; };
		84B312B21BE22ED100F20C68 /* CCBluetoothDevice+Settings.h in Headers */ = {isa = PBXBuildFile; fileRef = 84B3129F1BE22ED100F20C68 /* CCBluetoothDevice+Settings.h */; settings = {ATTRIBUTES = (Public, ); }; };
		84B312B31BE22ED100F20C68 /* CCBluetoothDevice+Settings.m in Sources */ = {isa = PBXBuildFile; fileRef = 84B312A01BE22ED100F20C68 /* CCBluetoothDevice+Settings.m */; };
		84B312B41BE22ED100F20C68 /* CCBluetoothDevice+UserInfo.h in Headers */ = {isa = PBXBuildFile; fileRef = 84B312A11BE22ED100F20C68 /* CCBluetoothDevice+UserInfo.h */; settings = {ATTRIBUTES = (Public, ); }; };
		84B312B51BE22ED100F20C68 /* CCBluetoothDevice+UserInfo.m in Sources */ = {isa = PBXBuildFile; fileRef = 84B312A21BE22ED100F20C68 /* CCBluetoothDevice+UserInfo.m */; };
		84B312B61BE22ED100F20C68 /* CCBluetoothDeviceProtocol.h in Headers */ = {isa = PBXBuildFile; fileRef = 84B312A31BE22ED100F20C68 /* CCBluetoothDeviceProtocol.h */; settings = {ATTRIBUTES = (Public, ); }; };
		84B312B71BE22ED100F20C68 /* CCBluetoothManager.h in Headers */ = {isa = PBXBuildFile; fileRef = 84B312A41BE22ED100F20C68 /* CCBluetoothManager.h */; settings = {ATTRIBUTES = (Public, ); }; };
		84B312B81BE22ED100F20C68 /* CCBluetoothManager.m in Sources */ = {isa = PBXBuildFile; fileRef = 84B312A51BE22ED100F20C68 /* CCBluetoothManager.m */; };
		84B312B91BE22ED100F20C68 /* CCBluetoothTool.h in Headers */ = {isa = PBXBuildFile; fileRef = 84B312A61BE22ED100F20C68 /* CCBluetoothTool.h */; settings = {ATTRIBUTES = (Public, ); }; };
		84B312BA1BE22ED100F20C68 /* CCBluetoothTool.m in Sources */ = {isa = PBXBuildFile; fileRef = 84B312A71BE22ED100F20C68 /* CCBluetoothTool.m */; };
/* End PBXBuildFile section */

/* Begin PBXFileReference section */
		3D9033101F035C230051B842 /* CCBluetoothMaster.h */ = {isa = PBXFileReference; fileEncoding = 4; lastKnownFileType = sourcecode.c.h; path = CCBluetoothMaster.h; sourceTree = "<group>"; };
		3D9033111F035C230051B842 /* CCBluetoothMaster.m */ = {isa = PBXFileReference; fileEncoding = 4; lastKnownFileType = sourcecode.c.objc; path = CCBluetoothMaster.m; sourceTree = "<group>"; };
		3D9033141F035C2A0051B842 /* CCTask.h */ = {isa = PBXFileReference; fileEncoding = 4; lastKnownFileType = sourcecode.c.h; path = CCTask.h; sourceTree = "<group>"; };
		3D9033151F035C2A0051B842 /* CCTask.m */ = {isa = PBXFileReference; fileEncoding = 4; lastKnownFileType = sourcecode.c.objc; path = CCTask.m; sourceTree = "<group>"; };
		84B3128A1BE22E5100F20C68 /* CCBluetoothAPI.framework */ = {isa = PBXFileReference; explicitFileType = wrapper.framework; includeInIndex = 0; path = CCBluetoothAPI.framework; sourceTree = BUILT_PRODUCTS_DIR; };
		84B3128D1BE22E5100F20C68 /* CCBluetoothAPI.h */ = {isa = PBXFileReference; lastKnownFileType = sourcecode.c.h; path = CCBluetoothAPI.h; sourceTree = "<group>"; };
		84B3128F1BE22E5100F20C68 /* Info.plist */ = {isa = PBXFileReference; lastKnownFileType = text.plist.xml; path = Info.plist; sourceTree = "<group>"; };
		84B312951BE22ED100F20C68 /* CCBluetoothDataTypes.h */ = {isa = PBXFileReference; fileEncoding = 4; lastKnownFileType = sourcecode.c.h; path = CCBluetoothDataTypes.h; sourceTree = "<group>"; };
		84B312961BE22ED100F20C68 /* CCBluetoothDataTypes.m */ = {isa = PBXFileReference; fileEncoding = 4; lastKnownFileType = sourcecode.c.objc; path = CCBluetoothDataTypes.m; sourceTree = "<group>"; };
		84B312971BE22ED100F20C68 /* CCBluetoothDevice.h */ = {isa = PBXFileReference; fileEncoding = 4; lastKnownFileType = sourcecode.c.h; path = CCBluetoothDevice.h; sourceTree = "<group>"; };
		84B312981BE22ED100F20C68 /* CCBluetoothDevice.m */ = {isa = PBXFileReference; fileEncoding = 4; lastKnownFileType = sourcecode.c.objc; path = CCBluetoothDevice.m; sourceTree = "<group>"; };
		84B312991BE22ED100F20C68 /* CCBluetoothDevice+Data.h */ = {isa = PBXFileReference; fileEncoding = 4; lastKnownFileType = sourcecode.c.h; path = "CCBluetoothDevice+Data.h"; sourceTree = "<group>"; };
		84B3129A1BE22ED100F20C68 /* CCBluetoothDevice+Data.m */ = {isa = PBXFileReference; fileEncoding = 4; lastKnownFileType = sourcecode.c.objc; path = "CCBluetoothDevice+Data.m"; sourceTree = "<group>"; };
		84B3129B1BE22ED100F20C68 /* CCBluetoothDevice+FirmwareInfo.h */ = {isa = PBXFileReference; fileEncoding = 4; lastKnownFileType = sourcecode.c.h; path = "CCBluetoothDevice+FirmwareInfo.h"; sourceTree = "<group>"; };
		84B3129C1BE22ED100F20C68 /* CCBluetoothDevice+FirmwareInfo.m */ = {isa = PBXFileReference; fileEncoding = 4; lastKnownFileType = sourcecode.c.objc; path = "CCBluetoothDevice+FirmwareInfo.m"; sourceTree = "<group>"; };
		84B3129D1BE22ED100F20C68 /* CCBluetoothDevice+Reminder.h */ = {isa = PBXFileReference; fileEncoding = 4; lastKnownFileType = sourcecode.c.h; path = "CCBluetoothDevice+Reminder.h"; sourceTree = "<group>"; };
		84B3129E1BE22ED100F20C68 /* CCBluetoothDevice+Reminder.m */ = {isa = PBXFileReference; fileEncoding = 4; lastKnownFileType = sourcecode.c.objc; path = "CCBluetoothDevice+Reminder.m"; sourceTree = "<group>"; };
		84B3129F1BE22ED100F20C68 /* CCBluetoothDevice+Settings.h */ = {isa = PBXFileReference; fileEncoding = 4; lastKnownFileType = sourcecode.c.h; path = "CCBluetoothDevice+Settings.h"; sourceTree = "<group>"; };
		84B312A01BE22ED100F20C68 /* CCBluetoothDevice+Settings.m */ = {isa = PBXFileReference; fileEncoding = 4; lastKnownFileType = sourcecode.c.objc; path = "CCBluetoothDevice+Settings.m"; sourceTree = "<group>"; };
		84B312A11BE22ED100F20C68 /* CCBluetoothDevice+UserInfo.h */ = {isa = PBXFileReference; fileEncoding = 4; lastKnownFileType = sourcecode.c.h; path = "CCBluetoothDevice+UserInfo.h"; sourceTree = "<group>"; };
		84B312A21BE22ED100F20C68 /* CCBluetoothDevice+UserInfo.m */ = {isa = PBXFileReference; fileEncoding = 4; lastKnownFileType = sourcecode.c.objc; path = "CCBluetoothDevice+UserInfo.m"; sourceTree = "<group>"; };
		84B312A31BE22ED100F20C68 /* CCBluetoothDeviceProtocol.h */ = {isa = PBXFileReference; fileEncoding = 4; lastKnownFileType = sourcecode.c.h; path = CCBluetoothDeviceProtocol.h; sourceTree = "<group>"; };
		84B312A41BE22ED100F20C68 /* CCBluetoothManager.h */ = {isa = PBXFileReference; fileEncoding = 4; lastKnownFileType = sourcecode.c.h; path = CCBluetoothManager.h; sourceTree = "<group>"; };
		84B312A51BE22ED100F20C68 /* CCBluetoothManager.m */ = {isa = PBXFileReference; fileEncoding = 4; lastKnownFileType = sourcecode.c.objc; path = CCBluetoothManager.m; sourceTree = "<group>"; };
		84B312A61BE22ED100F20C68 /* CCBluetoothTool.h */ = {isa = PBXFileReference; fileEncoding = 4; lastKnownFileType = sourcecode.c.h; path = CCBluetoothTool.h; sourceTree = "<group>"; };
		84B312A71BE22ED100F20C68 /* CCBluetoothTool.m */ = {isa = PBXFileReference; fileEncoding = 4; lastKnownFileType = sourcecode.c.objc; path = CCBluetoothTool.m; sourceTree = "<group>"; };
/* End PBXFileReference section */

/* Begin PBXFrameworksBuildPhase section */
		84B312861BE22E5100F20C68 /* Frameworks */ = {
			isa = PBXFrameworksBuildPhase;
			buildActionMask = 2147483647;
			files = (
			);
			runOnlyForDeploymentPostprocessing = 0;
		};
/* End PBXFrameworksBuildPhase section */

/* Begin PBXGroup section */
		84B312801BE22E5100F20C68 = {
			isa = PBXGroup;
			children = (
				84B3128C1BE22E5100F20C68 /* CCBluetoothAPI */,
				84B3128B1BE22E5100F20C68 /* Products */,
			);
			sourceTree = "<group>";
		};
		84B3128B1BE22E5100F20C68 /* Products */ = {
			isa = PBXGroup;
			children = (
				84B3128A1BE22E5100F20C68 /* CCBluetoothAPI.framework */,
			);
			name = Products;
			sourceTree = "<group>";
		};
		84B3128C1BE22E5100F20C68 /* CCBluetoothAPI */ = {
			isa = PBXGroup;
			children = (
				84B312951BE22ED100F20C68 /* CCBluetoothDataTypes.h */,
				84B312961BE22ED100F20C68 /* CCBluetoothDataTypes.m */,
				84B312971BE22ED100F20C68 /* CCBluetoothDevice.h */,
				84B312981BE22ED100F20C68 /* CCBluetoothDevice.m */,
				84B312991BE22ED100F20C68 /* CCBluetoothDevice+Data.h */,
				84B3129A1BE22ED100F20C68 /* CCBluetoothDevice+Data.m */,
				84B3129B1BE22ED100F20C68 /* CCBluetoothDevice+FirmwareInfo.h */,
				84B3129C1BE22ED100F20C68 /* CCBluetoothDevice+FirmwareInfo.m */,
				84B3129D1BE22ED100F20C68 /* CCBluetoothDevice+Reminder.h */,
				84B3129E1BE22ED100F20C68 /* CCBluetoothDevice+Reminder.m */,
				84B3129F1BE22ED100F20C68 /* CCBluetoothDevice+Settings.h */,
				84B312A01BE22ED100F20C68 /* CCBluetoothDevice+Settings.m */,
				84B312A11BE22ED100F20C68 /* CCBluetoothDevice+UserInfo.h */,
				84B312A21BE22ED100F20C68 /* CCBluetoothDevice+UserInfo.m */,
				84B312A31BE22ED100F20C68 /* CCBluetoothDeviceProtocol.h */,
				84B312A41BE22ED100F20C68 /* CCBluetoothManager.h */,
				84B312A51BE22ED100F20C68 /* CCBluetoothManager.m */,
				3D9033101F035C230051B842 /* CCBluetoothMaster.h */,
				3D9033111F035C230051B842 /* CCBluetoothMaster.m */,
				84B312A61BE22ED100F20C68 /* CCBluetoothTool.h */,
				84B312A71BE22ED100F20C68 /* CCBluetoothTool.m */,
				3D9033141F035C2A0051B842 /* CCTask.h */,
				3D9033151F035C2A0051B842 /* CCTask.m */,
				84B3128D1BE22E5100F20C68 /* CCBluetoothAPI.h */,
				84B3128F1BE22E5100F20C68 /* Info.plist */,
			);
			path = CCBluetoothAPI;
			sourceTree = "<group>";
		};
/* End PBXGroup section */

/* Begin PBXHeadersBuildPhase section */
		84B312871BE22E5100F20C68 /* Headers */ = {
			isa = PBXHeadersBuildPhase;
			buildActionMask = 2147483647;
			files = (
				84B312AA1BE22ED100F20C68 /* CCBluetoothDevice.h in Headers */,
				84B312AE1BE22ED100F20C68 /* CCBluetoothDevice+FirmwareInfo.h in Headers */,
				84B312B21BE22ED100F20C68 /* CCBluetoothDevice+Settings.h in Headers */,
				84B3128E1BE22E5100F20C68 /* CCBluetoothAPI.h in Headers */,
				84B312B61BE22ED100F20C68 /* CCBluetoothDeviceProtocol.h in Headers */,
				84B312B41BE22ED100F20C68 /* CCBluetoothDevice+UserInfo.h in Headers */,
				3D9033161F035C2A0051B842 /* CCTask.h in Headers */,
				3D9033121F035C230051B842 /* CCBluetoothMaster.h in Headers */,
				84B312B91BE22ED100F20C68 /* CCBluetoothTool.h in Headers */,
				84B312A81BE22ED100F20C68 /* CCBluetoothDataTypes.h in Headers */,
				84B312B71BE22ED100F20C68 /* CCBluetoothManager.h in Headers */,
				84B312AC1BE22ED100F20C68 /* CCBluetoothDevice+Data.h in Headers */,
				84B312B01BE22ED100F20C68 /* CCBluetoothDevice+Reminder.h in Headers */,
			);
			runOnlyForDeploymentPostprocessing = 0;
		};
/* End PBXHeadersBuildPhase section */

/* Begin PBXNativeTarget section */
		84B312891BE22E5100F20C68 /* CCBluetoothAPI */ = {
			isa = PBXNativeTarget;
			buildConfigurationList = 84B312921BE22E5100F20C68 /* Build configuration list for PBXNativeTarget "CCBluetoothAPI" */;
			buildPhases = (
				84B312851BE22E5100F20C68 /* Sources */,
				84B312861BE22E5100F20C68 /* Frameworks */,
				84B312871BE22E5100F20C68 /* Headers */,
				84B312881BE22E5100F20C68 /* Resources */,
			);
			buildRules = (
			);
			dependencies = (
			);
			name = CCBluetoothAPI;
			productName = CCBluetoothAPI;
			productReference = 84B3128A1BE22E5100F20C68 /* CCBluetoothAPI.framework */;
			productType = "com.apple.product-type.framework";
		};
/* End PBXNativeTarget section */

/* Begin PBXProject section */
		84B312811BE22E5100F20C68 /* Project object */ = {
			isa = PBXProject;
			attributes = {
				LastUpgradeCheck = 0710;
				ORGANIZATIONNAME = "Calvin Cheung";
				TargetAttributes = {
					84B312891BE22E5100F20C68 = {
						CreatedOnToolsVersion = 7.1;
					};
				};
			};
			buildConfigurationList = 84B312841BE22E5100F20C68 /* Build configuration list for PBXProject "CCBluetoothAPI" */;
			compatibilityVersion = "Xcode 3.2";
			developmentRegion = English;
			hasScannedForEncodings = 0;
			knownRegions = (
				en,
			);
			mainGroup = 84B312801BE22E5100F20C68;
			productRefGroup = 84B3128B1BE22E5100F20C68 /* Products */;
			projectDirPath = "";
			projectRoot = "";
			targets = (
				84B312891BE22E5100F20C68 /* CCBluetoothAPI */,
			);
		};
/* End PBXProject section */

/* Begin PBXResourcesBuildPhase section */
		84B312881BE22E5100F20C68 /* Resources */ = {
			isa = PBXResourcesBuildPhase;
			buildActionMask = 2147483647;
			files = (
			);
			runOnlyForDeploymentPostprocessing = 0;
		};
/* End PBXResourcesBuildPhase section */

/* Begin PBXSourcesBuildPhase section */
		84B312851BE22E5100F20C68 /* Sources */ = {
			isa = PBXSourcesBuildPhase;
			buildActionMask = 2147483647;
			files = (
				84B312AB1BE22ED100F20C68 /* CCBluetoothDevice.m in Sources */,
				84B312B51BE22ED100F20C68 /* CCBluetoothDevice+UserInfo.m in Sources */,
				3D9033131F035C230051B842 /* CCBluetoothMaster.m in Sources */,
				84B312B31BE22ED100F20C68 /* CCBluetoothDevice+Settings.m in Sources */,
				3D9033171F035C2A0051B842 /* CCTask.m in Sources */,
				84B312BA1BE22ED100F20C68 /* CCBluetoothTool.m in Sources */,
				84B312B11BE22ED100F20C68 /* CCBluetoothDevice+Reminder.m in Sources */,
				84B312AD1BE22ED100F20C68 /* CCBluetoothDevice+Data.m in Sources */,
				84B312AF1BE22ED100F20C68 /* CCBluetoothDevice+FirmwareInfo.m in Sources */,
				84B312B81BE22ED100F20C68 /* CCBluetoothManager.m in Sources */,
				84B312A91BE22ED100F20C68 /* CCBluetoothDataTypes.m in Sources */,
			);
			runOnlyForDeploymentPostprocessing = 0;
		};
/* End PBXSourcesBuildPhase section */

/* Begin XCBuildConfiguration section */
		84B312901BE22E5100F20C68 /* Debug */ = {
			isa = XCBuildConfiguration;
			buildSettings = {
				ALWAYS_SEARCH_USER_PATHS = NO;
				ARCHS = (
					"$(ARCHS_STANDARD)",
					armv7s,
				);
				CLANG_CXX_LANGUAGE_STANDARD = "gnu++0x";
				CLANG_CXX_LIBRARY = "libc++";
				CLANG_ENABLE_MODULES = YES;
				CLANG_ENABLE_OBJC_ARC = YES;
				CLANG_WARN_BOOL_CONVERSION = YES;
				CLANG_WARN_CONSTANT_CONVERSION = YES;
				CLANG_WARN_DIRECT_OBJC_ISA_USAGE = YES_ERROR;
				CLANG_WARN_EMPTY_BODY = YES;
				CLANG_WARN_ENUM_CONVERSION = YES;
				CLANG_WARN_INT_CONVERSION = YES;
				CLANG_WARN_OBJC_ROOT_CLASS = YES_ERROR;
				CLANG_WARN_UNREACHABLE_CODE = YES;
				CLANG_WARN__DUPLICATE_METHOD_MATCH = YES;
				"CODE_SIGN_IDENTITY[sdk=iphoneos*]" = "iPhone Developer";
				COPY_PHASE_STRIP = NO;
				CURRENT_PROJECT_VERSION = 1;
				DEBUG_INFORMATION_FORMAT = dwarf;
				ENABLE_STRICT_OBJC_MSGSEND = YES;
				ENABLE_TESTABILITY = YES;
				GCC_C_LANGUAGE_STANDARD = gnu99;
				GCC_DYNAMIC_NO_PIC = NO;
				GCC_NO_COMMON_BLOCKS = YES;
				GCC_OPTIMIZATION_LEVEL = 0;
				GCC_PREPROCESSOR_DEFINITIONS = (
					"DEBUG=1",
					"$(inherited)",
				);
				GCC_WARN_64_TO_32_BIT_CONVERSION = YES;
				GCC_WARN_ABOUT_RETURN_TYPE = YES_ERROR;
				GCC_WARN_UNDECLARED_SELECTOR = YES;
				GCC_WARN_UNINITIALIZED_AUTOS = YES_AGGRESSIVE;
				GCC_WARN_UNUSED_FUNCTION = YES;
				GCC_WARN_UNUSED_VARIABLE = YES;
				IPHONEOS_DEPLOYMENT_TARGET = 7.0;
				MTL_ENABLE_DEBUG_INFO = YES;
				ONLY_ACTIVE_ARCH = YES;
				SDKROOT = iphoneos;
				TARGETED_DEVICE_FAMILY = "1,2";
				VERSIONING_SYSTEM = "apple-generic";
				VERSION_INFO_PREFIX = "";
			};
			name = Debug;
		};
		84B312911BE22E5100F20C68 /* Release */ = {
			isa = XCBuildConfiguration;
			buildSettings = {
				ALWAYS_SEARCH_USER_PATHS = NO;
				ARCHS = (
					"$(ARCHS_STANDARD)",
					armv7s,
				);
				CLANG_CXX_LANGUAGE_STANDARD = "gnu++0x";
				CLANG_CXX_LIBRARY = "libc++";
				CLANG_ENABLE_MODULES = YES;
				CLANG_ENABLE_OBJC_ARC = YES;
				CLANG_WARN_BOOL_CONVERSION = YES;
				CLANG_WARN_CONSTANT_CONVERSION = YES;
				CLANG_WARN_DIRECT_OBJC_ISA_USAGE = YES_ERROR;
				CLANG_WARN_EMPTY_BODY = YES;
				CLANG_WARN_ENUM_CONVERSION = YES;
				CLANG_WARN_INT_CONVERSION = YES;
				CLANG_WARN_OBJC_ROOT_CLASS = YES_ERROR;
				CLANG_WARN_UNREACHABLE_CODE = YES;
				CLANG_WARN__DUPLICATE_METHOD_MATCH = YES;
				"CODE_SIGN_IDENTITY[sdk=iphoneos*]" = "iPhone Developer";
				COPY_PHASE_STRIP = NO;
				CURRENT_PROJECT_VERSION = 1;
				DEBUG_INFORMATION_FORMAT = "dwarf-with-dsym";
				ENABLE_NS_ASSERTIONS = NO;
				ENABLE_STRICT_OBJC_MSGSEND = YES;
				GCC_C_LANGUAGE_STANDARD = gnu99;
				GCC_NO_COMMON_BLOCKS = YES;
				GCC_WARN_64_TO_32_BIT_CONVERSION = YES;
				GCC_WARN_ABOUT_RETURN_TYPE = YES_ERROR;
				GCC_WARN_UNDECLARED_SELECTOR = YES;
				GCC_WARN_UNINITIALIZED_AUTOS = YES_AGGRESSIVE;
				GCC_WARN_UNUSED_FUNCTION = YES;
				GCC_WARN_UNUSED_VARIABLE = YES;
				IPHONEOS_DEPLOYMENT_TARGET = 7.0;
				MTL_ENABLE_DEBUG_INFO = NO;
				SDKROOT = iphoneos;
				TARGETED_DEVICE_FAMILY = "1,2";
				VALIDATE_PRODUCT = YES;
				VERSIONING_SYSTEM = "apple-generic";
				VERSION_INFO_PREFIX = "";
			};
			name = Release;
		};
		84B312931BE22E5100F20C68 /* Debug */ = {
			isa = XCBuildConfiguration;
			buildSettings = {
				DEFINES_MODULE = YES;
				DYLIB_COMPATIBILITY_VERSION = 1;
				DYLIB_CURRENT_VERSION = 1;
				DYLIB_INSTALL_NAME_BASE = "@rpath";
				INFOPLIST_FILE = CCBluetoothAPI/Info.plist;
				INSTALL_PATH = "$(LOCAL_LIBRARY_DIR)/Frameworks";
				LD_RUNPATH_SEARCH_PATHS = "$(inherited) @executable_path/Frameworks @loader_path/Frameworks";
				MACH_O_TYPE = staticlib;
				PRODUCT_BUNDLE_IDENTIFIER = us.zwen.CCBluetoothAPI;
				PRODUCT_NAME = "$(TARGET_NAME)";
				SKIP_INSTALL = YES;
			};
			name = Debug;
		};
		84B312941BE22E5100F20C68 /* Release */ = {
			isa = XCBuildConfiguration;
			buildSettings = {
				DEFINES_MODULE = YES;
				DYLIB_COMPATIBILITY_VERSION = 1;
				DYLIB_CURRENT_VERSION = 1;
				DYLIB_INSTALL_NAME_BASE = "@rpath";
				INFOPLIST_FILE = CCBluetoothAPI/Info.plist;
				INSTALL_PATH = "$(LOCAL_LIBRARY_DIR)/Frameworks";
				LD_RUNPATH_SEARCH_PATHS = "$(inherited) @executable_path/Frameworks @loader_path/Frameworks";
				MACH_O_TYPE = staticlib;
				PRODUCT_BUNDLE_IDENTIFIER = us.zwen.CCBluetoothAPI;
				PRODUCT_NAME = "$(TARGET_NAME)";
				SKIP_INSTALL = YES;
			};
			name = Release;
		};
/* End XCBuildConfiguration section */

/* Begin XCConfigurationList section */
		84B312841BE22E5100F20C68 /* Build configuration list for PBXProject "CCBluetoothAPI" */ = {
			isa = XCConfigurationList;
			buildConfigurations = (
				84B312901BE22E5100F20C68 /* Debug */,
				84B312911BE22E5100F20C68 /* Release */,
			);
			defaultConfigurationIsVisible = 0;
			defaultConfigurationName = Release;
		};
		84B312921BE22E5100F20C68 /* Build configuration list for PBXNativeTarget "CCBluetoothAPI" */ = {
			isa = XCConfigurationList;
			buildConfigurations = (
				84B312931BE22E5100F20C68 /* Debug */,
				84B312941BE22E5100F20C68 /* Release */,
			);
			defaultConfigurationIsVisible = 0;
			defaultConfigurationName = Release;
		};
/* End XCConfigurationList section */
	};
	rootObject = 84B312811BE22E5100F20C68 /* Project object */;
}
